
Microsoft Visual Studio Solution File, Format Version 12.00
# Visual Studio Version 16
VisualStudioVersion = 16.0.32228.343
MinimumVisualStudioVersion = 10.0.40219.1
Project("{FAE04EC0-301F-11D3-BF4B-00C04F79EFBC}") = "Yummy", "Yummy\Yummy.csproj", "{F1E3897B-54AB-4F56-B14B-86B494A3CA92}"
EndProject
Global
	GlobalSection(SolutionConfigurationPlatforms) = preSolution
		Debug|Any CPU = Debug|Any CPU
		Release|Any CPU = Release|Any CPU
	EndGlobalSection
	GlobalSection(ProjectConfigurationPlatforms) = postSolution
		{F1E3897B-54AB-4F56-B14B-86B494A3CA92}.Debug|Any CPU.ActiveCfg = Debug|Any CPU
		{F1E3897B-54AB-4F56-B14B-86B494A3CA92}.Debug|Any CPU.Build.0 = Debug|Any CPU
		{F1E3897B-54AB-4F56-B14B-86B494A3CA92}.Release|Any CPU.ActiveCfg = Release|Any CPU
		{F1E3897B-54AB-4F56-B14B-86B494A3CA92}.Release|Any CPU.Build.0 = Release|Any CPU
	EndGlobalSection
	GlobalSection(SolutionProperties) = preSolution
		HideSolutionNode = FALSE
	EndGlobalSection
	GlobalSection(ExtensibilityGlobals) = postSolution
		SolutionGuid = {F63FCDB7-E199-4916-BDC4-E0FEF1F32C46}
	EndGlobalSection
EndGlobal
